
Microsoft Visual Studio Solution File, Format Version 12.00
# Visual Studio Version 16
VisualStudioVersion = 16.0.29806.167
MinimumVisualStudioVersion = 10.0.40219.1
Project("{9A19103F-16F7-4668-BE54-9A1E7A4F7556}") = "ShardNode", "ShardNode\ShardNode.csproj", "{ABF39D87-1328-4B9C-B42A-BFA28C1FF01C}"
EndProject
Project("{2150E333-8FDC-42A3-9474-1A3956D46DE8}") = "ClusterSingletonDemo", "ClusterSingletonDemo", "{DA980CD7-0D67-4771-AFC9-245A67623119}"
EndProject
Project("{9A19103F-16F7-4668-BE54-9A1E7A4F7556}") = "SingletonServerApp", "SingletonAkka\SingletonServerApp\SingletonServerApp.csproj", "{58EE05AA-47B7-452A-A90F-5DDC85F0758A}"
EndProject
Project("{9A19103F-16F7-4668-BE54-9A1E7A4F7556}") = "SingletonClientApp", "SingletonAkka\SingletonClientApp\SingletonClientApp.csproj", "{CB0E630F-3708-4BE8-BB71-9117D38A0C22}"
EndProject
Project("{9A19103F-16F7-4668-BE54-9A1E7A4F7556}") = "Common", "SingletonAkka\Shard\Common\Common.csproj", "{A72691A2-D7D5-4773-BD15-3884FE609290}"
EndProject
Project("{2150E333-8FDC-42A3-9474-1A3956D46DE8}") = "Deploy", "Deploy", "{428A1F79-89C1-4A9A-850E-CCB13C9DDE28}"
	ProjectSection(SolutionItems) = preProject
		docker-compose-ClusterRoute.yml = docker-compose-ClusterRoute.yml
		docker-compose-ClusterSingleton.yml = docker-compose-ClusterSingleton.yml
		docker-compose.yml = docker-compose.yml
	EndProjectSection
EndProject
Project("{2150E333-8FDC-42A3-9474-1A3956D46DE8}") = "Lighthouse", "Lighthouse", "{DBF3176A-6C18-478E-8126-E26F20EBCB20}"
EndProject
Project("{2150E333-8FDC-42A3-9474-1A3956D46DE8}") = "Shard", "Shard", "{0B2DD358-25D4-4597-AC74-3FC56B2A7967}"
EndProject
Project("{2150E333-8FDC-42A3-9474-1A3956D46DE8}") = "ClusterRoute", "ClusterRoute", "{3A65A012-EE8C-4210-8C46-FC2674EB6BA3}"
EndProject
Project("{9A19103F-16F7-4668-BE54-9A1E7A4F7556}") = "Route-Node1", "ClusterRoute\Route-Node1\Route-Node1.csproj", "{809240CD-F076-418E-8E14-E7A7447DB44D}"
EndProject
Project("{9A19103F-16F7-4668-BE54-9A1E7A4F7556}") = "Route-Node2", "ClusterRoute\Route-Node2\Route-Node2.csproj", "{B4BFE124-C3FF-4570-BB41-9E019A4564AD}"
EndProject
Project("{2150E333-8FDC-42A3-9474-1A3956D46DE8}") = "Persistence", "Persistence", "{D83E51C1-4A9F-44C2-A4C5-1B4C4F8A86AA}"
EndProject
Project("{9A19103F-16F7-4668-BE54-9A1E7A4F7556}") = "AkkaPersistence", "Persistence\AkkaPersistence\AkkaPersistence.csproj", "{7956F400-8CD0-4B78-904C-938AFB6265CC}"
EndProject
Project("{2150E333-8FDC-42A3-9474-1A3956D46DE8}") = "ClusterSharding", "ClusterSharding", "{35282F2A-A61A-4CFF-8A91-6E83B13FCB3A}"
EndProject
Project("{9A19103F-16F7-4668-BE54-9A1E7A4F7556}") = "ClusterSharding-ClientNode", "ClusterSharding\ClusterSharding-ClientNode\ClusterSharding-ClientNode.csproj", "{1ABAC6D4-6166-441F-B827-3099BEC1CF1E}"
EndProject
Project("{9A19103F-16F7-4668-BE54-9A1E7A4F7556}") = "ClusterSharding-ServerNode", "ClusterSharding\ClusterSharding-ServerNode\ClusterSharding-ServerNode.csproj", "{31DBE6A2-8A55-4140-9605-DEBD63F57775}"
EndProject
Project("{2150E333-8FDC-42A3-9474-1A3956D46DE8}") = "TcpServer", "TcpServer", "{89C48672-C55A-4DF4-8577-114A982B687D}"
EndProject
Project("{9A19103F-16F7-4668-BE54-9A1E7A4F7556}") = "Mongodb.MessageQueue", "SingletonAkka\Shard\Mongodb.MessageQueue\Mongodb.MessageQueue.csproj", "{B3E067FA-C4B5-4C77-AB5A-F6BC41946CAC}"
EndProject
Project("{2150E333-8FDC-42A3-9474-1A3956D46DE8}") = "AkkaStream", "AkkaStream", "{D8833C05-4E1E-4223-A9BA-6B7DF96C64F7}"
EndProject
Project("{2150E333-8FDC-42A3-9474-1A3956D46DE8}") = "microservices", "microservices", "{0BB0AF37-C41C-4635-BA51-AABE00DCAEA1}"
EndProject
Project("{2150E333-8FDC-42A3-9474-1A3956D46DE8}") = "Product", "Product", "{B885AB39-2DBB-4279-86F6-CFA088F41551}"
EndProject
Project("{2150E333-8FDC-42A3-9474-1A3956D46DE8}") = "DistributedPubSub", "DistributedPubSub", "{FA314610-3A06-479E-9F4A-C43E9A6BA7CA}"
EndProject
Project("{9A19103F-16F7-4668-BE54-9A1E7A4F7556}") = "ReactiveMessageQueue", "ReactiveMessageQueue\ReactiveMessageQueue.csproj", "{BA46BA34-1167-4E95-8D9C-8A03A2840F63}"
EndProject
Project("{9A19103F-16F7-4668-BE54-9A1E7A4F7556}") = "Dotnetakkaserver", "ClusterRoute\Dotnetakkaserver\Dotnetakkaserver.csproj", "{F0940EC8-F372-4B63-B8B5-23C750E3B00A}"
EndProject
Project("{9A19103F-16F7-4668-BE54-9A1E7A4F7556}") = "AkkaTcpClient", "TcpServer\AkkaTcpClient\AkkaTcpClient.csproj", "{87CA9FD9-2A14-43E9-B90C-CA2ADF02E2FB}"
EndProject
Project("{9A19103F-16F7-4668-BE54-9A1E7A4F7556}") = "AkkaTcpServer", "TcpServer\AkkaTcpServer\AkkaTcpServer.csproj", "{16D80049-E62B-4605-A566-CCCCE9AB5144}"
EndProject
Project("{9A19103F-16F7-4668-BE54-9A1E7A4F7556}") = "Product.Application", "Microservice\Product.Application\Product.Application.csproj", "{3113A25A-4E19-4A61-8384-21508672C385}"
EndProject
Project("{9A19103F-16F7-4668-BE54-9A1E7A4F7556}") = "Product.Infrastructure", "Microservice\Product.Infrastructure\Product.Infrastructure.csproj", "{AA135E99-84F6-4FE6-B8C9-8E1139936738}"
EndProject
Project("{9A19103F-16F7-4668-BE54-9A1E7A4F7556}") = "Product.API", "Microservice\ProductService\Product.API.csproj", "{8B03EB8A-9465-4214-8063-A01B1788A0A6}"
EndProject
Project("{9A19103F-16F7-4668-BE54-9A1E7A4F7556}") = "PubSubShardMessage", "DistributedPubSub\PubSubShardMessage\PubSubShardMessage.csproj", "{B5BC2EAA-4B9A-4BC7-A765-833BF0CA1399}"
EndProject
Project("{9A19103F-16F7-4668-BE54-9A1E7A4F7556}") = "SubNode", "DistributedPubSub\SubNode\SubNode.csproj", "{85BC6CA7-740C-42B0-9ABA-DC8FD204EFD7}"
EndProject
Project("{9A19103F-16F7-4668-BE54-9A1E7A4F7556}") = "PubNode1", "DistributedPubSub\PubNode1\PubNode1.csproj", "{D8087400-60FF-4B7D-A954-13FF32D16464}"
EndProject
Project("{9A19103F-16F7-4668-BE54-9A1E7A4F7556}") = "PubClusterClientApp", "DistributedPubSub\PubClusterClientApp\PubClusterClientApp.csproj", "{8797A748-1862-428F-9DD0-39891CB4A52E}"
EndProject
Project("{9A19103F-16F7-4668-BE54-9A1E7A4F7556}") = "SeedNode", "Lighthouse\SeedNode\SeedNode.csproj", "{9F808520-5067-4FA4-99D8-6BC73BA070DB}"
EndProject
Global
	GlobalSection(SolutionConfigurationPlatforms) = preSolution
		Debug|Any CPU = Debug|Any CPU
		Release|Any CPU = Release|Any CPU
	EndGlobalSection
	GlobalSection(ProjectConfigurationPlatforms) = postSolution
		{ABF39D87-1328-4B9C-B42A-BFA28C1FF01C}.Debug|Any CPU.ActiveCfg = Debug|Any CPU
		{ABF39D87-1328-4B9C-B42A-BFA28C1FF01C}.Debug|Any CPU.Build.0 = Debug|Any CPU
		{ABF39D87-1328-4B9C-B42A-BFA28C1FF01C}.Release|Any CPU.ActiveCfg = Release|Any CPU
		{ABF39D87-1328-4B9C-B42A-BFA28C1FF01C}.Release|Any CPU.Build.0 = Release|Any CPU
		{58EE05AA-47B7-452A-A90F-5DDC85F0758A}.Debug|Any CPU.ActiveCfg = Debug|Any CPU
		{58EE05AA-47B7-452A-A90F-5DDC85F0758A}.Debug|Any CPU.Build.0 = Debug|Any CPU
		{58EE05AA-47B7-452A-A90F-5DDC85F0758A}.Release|Any CPU.ActiveCfg = Release|Any CPU
		{58EE05AA-47B7-452A-A90F-5DDC85F0758A}.Release|Any CPU.Build.0 = Release|Any CPU
		{CB0E630F-3708-4BE8-BB71-9117D38A0C22}.Debug|Any CPU.ActiveCfg = Debug|Any CPU
		{CB0E630F-3708-4BE8-BB71-9117D38A0C22}.Debug|Any CPU.Build.0 = Debug|Any CPU
		{CB0E630F-3708-4BE8-BB71-9117D38A0C22}.Release|Any CPU.ActiveCfg = Release|Any CPU
		{CB0E630F-3708-4BE8-BB71-9117D38A0C22}.Release|Any CPU.Build.0 = Release|Any CPU
		{A72691A2-D7D5-4773-BD15-3884FE609290}.Debug|Any CPU.ActiveCfg = Debug|Any CPU
		{A72691A2-D7D5-4773-BD15-3884FE609290}.Debug|Any CPU.Build.0 = Debug|Any CPU
		{A72691A2-D7D5-4773-BD15-3884FE609290}.Release|Any CPU.ActiveCfg = Release|Any CPU
		{A72691A2-D7D5-4773-BD15-3884FE609290}.Release|Any CPU.Build.0 = Release|Any CPU
		{809240CD-F076-418E-8E14-E7A7447DB44D}.Debug|Any CPU.ActiveCfg = Debug|Any CPU
		{809240CD-F076-418E-8E14-E7A7447DB44D}.Debug|Any CPU.Build.0 = Debug|Any CPU
		{809240CD-F076-418E-8E14-E7A7447DB44D}.Release|Any CPU.ActiveCfg = Release|Any CPU
		{809240CD-F076-418E-8E14-E7A7447DB44D}.Release|Any CPU.Build.0 = Release|Any CPU
		{B4BFE124-C3FF-4570-BB41-9E019A4564AD}.Debug|Any CPU.ActiveCfg = Debug|Any CPU
		{B4BFE124-C3FF-4570-BB41-9E019A4564AD}.Debug|Any CPU.Build.0 = Debug|Any CPU
		{B4BFE124-C3FF-4570-BB41-9E019A4564AD}.Release|Any CPU.ActiveCfg = Release|Any CPU
		{B4BFE124-C3FF-4570-BB41-9E019A4564AD}.Release|Any CPU.Build.0 = Release|Any CPU
		{7956F400-8CD0-4B78-904C-938AFB6265CC}.Debug|Any CPU.ActiveCfg = Debug|Any CPU
		{7956F400-8CD0-4B78-904C-938AFB6265CC}.Debug|Any CPU.Build.0 = Debug|Any CPU
		{7956F400-8CD0-4B78-904C-938AFB6265CC}.Release|Any CPU.ActiveCfg = Release|Any CPU
		{7956F400-8CD0-4B78-904C-938AFB6265CC}.Release|Any CPU.Build.0 = Release|Any CPU
		{1ABAC6D4-6166-441F-B827-3099BEC1CF1E}.Debug|Any CPU.ActiveCfg = Debug|Any CPU
		{1ABAC6D4-6166-441F-B827-3099BEC1CF1E}.Debug|Any CPU.Build.0 = Debug|Any CPU
		{1ABAC6D4-6166-441F-B827-3099BEC1CF1E}.Release|Any CPU.ActiveCfg = Release|Any CPU
		{1ABAC6D4-6166-441F-B827-3099BEC1CF1E}.Release|Any CPU.Build.0 = Release|Any CPU
		{31DBE6A2-8A55-4140-9605-DEBD63F57775}.Debug|Any CPU.ActiveCfg = Debug|Any CPU
		{31DBE6A2-8A55-4140-9605-DEBD63F57775}.Debug|Any CPU.Build.0 = Debug|Any CPU
		{31DBE6A2-8A55-4140-9605-DEBD63F57775}.Release|Any CPU.ActiveCfg = Release|Any CPU
		{31DBE6A2-8A55-4140-9605-DEBD63F57775}.Release|Any CPU.Build.0 = Release|Any CPU
		{B3E067FA-C4B5-4C77-AB5A-F6BC41946CAC}.Debug|Any CPU.ActiveCfg = Debug|Any CPU
		{B3E067FA-C4B5-4C77-AB5A-F6BC41946CAC}.Debug|Any CPU.Build.0 = Debug|Any CPU
		{B3E067FA-C4B5-4C77-AB5A-F6BC41946CAC}.Release|Any CPU.ActiveCfg = Release|Any CPU
		{B3E067FA-C4B5-4C77-AB5A-F6BC41946CAC}.Release|Any CPU.Build.0 = Release|Any CPU
		{BA46BA34-1167-4E95-8D9C-8A03A2840F63}.Debug|Any CPU.ActiveCfg = Debug|Any CPU
		{BA46BA34-1167-4E95-8D9C-8A03A2840F63}.Debug|Any CPU.Build.0 = Debug|Any CPU
		{BA46BA34-1167-4E95-8D9C-8A03A2840F63}.Release|Any CPU.ActiveCfg = Release|Any CPU
		{BA46BA34-1167-4E95-8D9C-8A03A2840F63}.Release|Any CPU.Build.0 = Release|Any CPU
		{F0940EC8-F372-4B63-B8B5-23C750E3B00A}.Debug|Any CPU.ActiveCfg = Debug|Any CPU
		{F0940EC8-F372-4B63-B8B5-23C750E3B00A}.Debug|Any CPU.Build.0 = Debug|Any CPU
		{F0940EC8-F372-4B63-B8B5-23C750E3B00A}.Release|Any CPU.ActiveCfg = Release|Any CPU
		{F0940EC8-F372-4B63-B8B5-23C750E3B00A}.Release|Any CPU.Build.0 = Release|Any CPU
		{87CA9FD9-2A14-43E9-B90C-CA2ADF02E2FB}.Debug|Any CPU.ActiveCfg = Debug|Any CPU
		{87CA9FD9-2A14-43E9-B90C-CA2ADF02E2FB}.Debug|Any CPU.Build.0 = Debug|Any CPU
		{87CA9FD9-2A14-43E9-B90C-CA2ADF02E2FB}.Release|Any CPU.ActiveCfg = Release|Any CPU
		{87CA9FD9-2A14-43E9-B90C-CA2ADF02E2FB}.Release|Any CPU.Build.0 = Release|Any CPU
		{16D80049-E62B-4605-A566-CCCCE9AB5144}.Debug|Any CPU.ActiveCfg = Debug|Any CPU
		{16D80049-E62B-4605-A566-CCCCE9AB5144}.Debug|Any CPU.Build.0 = Debug|Any CPU
		{16D80049-E62B-4605-A566-CCCCE9AB5144}.Release|Any CPU.ActiveCfg = Release|Any CPU
		{16D80049-E62B-4605-A566-CCCCE9AB5144}.Release|Any CPU.Build.0 = Release|Any CPU
		{3113A25A-4E19-4A61-8384-21508672C385}.Debug|Any CPU.ActiveCfg = Debug|Any CPU
		{3113A25A-4E19-4A61-8384-21508672C385}.Debug|Any CPU.Build.0 = Debug|Any CPU
		{3113A25A-4E19-4A61-8384-21508672C385}.Release|Any CPU.ActiveCfg = Release|Any CPU
		{3113A25A-4E19-4A61-8384-21508672C385}.Release|Any CPU.Build.0 = Release|Any CPU
		{AA135E99-84F6-4FE6-B8C9-8E1139936738}.Debug|Any CPU.ActiveCfg = Debug|Any CPU
		{AA135E99-84F6-4FE6-B8C9-8E1139936738}.Debug|Any CPU.Build.0 = Debug|Any CPU
		{AA135E99-84F6-4FE6-B8C9-8E1139936738}.Release|Any CPU.ActiveCfg = Release|Any CPU
		{AA135E99-84F6-4FE6-B8C9-8E1139936738}.Release|Any CPU.Build.0 = Release|Any CPU
		{8B03EB8A-9465-4214-8063-A01B1788A0A6}.Debug|Any CPU.ActiveCfg = Debug|Any CPU
		{8B03EB8A-9465-4214-8063-A01B1788A0A6}.Debug|Any CPU.Build.0 = Debug|Any CPU
		{8B03EB8A-9465-4214-8063-A01B1788A0A6}.Release|Any CPU.ActiveCfg = Release|Any CPU
		{8B03EB8A-9465-4214-8063-A01B1788A0A6}.Release|Any CPU.Build.0 = Release|Any CPU
		{B5BC2EAA-4B9A-4BC7-A765-833BF0CA1399}.Debug|Any CPU.ActiveCfg = Debug|Any CPU
		{B5BC2EAA-4B9A-4BC7-A765-833BF0CA1399}.Debug|Any CPU.Build.0 = Debug|Any CPU
		{B5BC2EAA-4B9A-4BC7-A765-833BF0CA1399}.Release|Any CPU.ActiveCfg = Release|Any CPU
		{B5BC2EAA-4B9A-4BC7-A765-833BF0CA1399}.Release|Any CPU.Build.0 = Release|Any CPU
		{85BC6CA7-740C-42B0-9ABA-DC8FD204EFD7}.Debug|Any CPU.ActiveCfg = Debug|Any CPU
		{85BC6CA7-740C-42B0-9ABA-DC8FD204EFD7}.Debug|Any CPU.Build.0 = Debug|Any CPU
		{85BC6CA7-740C-42B0-9ABA-DC8FD204EFD7}.Release|Any CPU.ActiveCfg = Release|Any CPU
		{85BC6CA7-740C-42B0-9ABA-DC8FD204EFD7}.Release|Any CPU.Build.0 = Release|Any CPU
		{D8087400-60FF-4B7D-A954-13FF32D16464}.Debug|Any CPU.ActiveCfg = Debug|Any CPU
		{D8087400-60FF-4B7D-A954-13FF32D16464}.Debug|Any CPU.Build.0 = Debug|Any CPU
		{D8087400-60FF-4B7D-A954-13FF32D16464}.Release|Any CPU.ActiveCfg = Release|Any CPU
		{D8087400-60FF-4B7D-A954-13FF32D16464}.Release|Any CPU.Build.0 = Release|Any CPU
		{8797A748-1862-428F-9DD0-39891CB4A52E}.Debug|Any CPU.ActiveCfg = Debug|Any CPU
		{8797A748-1862-428F-9DD0-39891CB4A52E}.Debug|Any CPU.Build.0 = Debug|Any CPU
		{8797A748-1862-428F-9DD0-39891CB4A52E}.Release|Any CPU.ActiveCfg = Release|Any CPU
		{8797A748-1862-428F-9DD0-39891CB4A52E}.Release|Any CPU.Build.0 = Release|Any CPU
		{9F808520-5067-4FA4-99D8-6BC73BA070DB}.Debug|Any CPU.ActiveCfg = Debug|Any CPU
		{9F808520-5067-4FA4-99D8-6BC73BA070DB}.Debug|Any CPU.Build.0 = Debug|Any CPU
		{9F808520-5067-4FA4-99D8-6BC73BA070DB}.Release|Any CPU.ActiveCfg = Release|Any CPU
		{9F808520-5067-4FA4-99D8-6BC73BA070DB}.Release|Any CPU.Build.0 = Release|Any CPU
	EndGlobalSection
	GlobalSection(SolutionProperties) = preSolution
		HideSolutionNode = FALSE
	EndGlobalSection
	GlobalSection(NestedProjects) = preSolution
		{ABF39D87-1328-4B9C-B42A-BFA28C1FF01C} = {0B2DD358-25D4-4597-AC74-3FC56B2A7967}
		{58EE05AA-47B7-452A-A90F-5DDC85F0758A} = {DA980CD7-0D67-4771-AFC9-245A67623119}
		{CB0E630F-3708-4BE8-BB71-9117D38A0C22} = {DA980CD7-0D67-4771-AFC9-245A67623119}
		{A72691A2-D7D5-4773-BD15-3884FE609290} = {0B2DD358-25D4-4597-AC74-3FC56B2A7967}
		{809240CD-F076-418E-8E14-E7A7447DB44D} = {3A65A012-EE8C-4210-8C46-FC2674EB6BA3}
		{B4BFE124-C3FF-4570-BB41-9E019A4564AD} = {3A65A012-EE8C-4210-8C46-FC2674EB6BA3}
		{7956F400-8CD0-4B78-904C-938AFB6265CC} = {D83E51C1-4A9F-44C2-A4C5-1B4C4F8A86AA}
		{1ABAC6D4-6166-441F-B827-3099BEC1CF1E} = {35282F2A-A61A-4CFF-8A91-6E83B13FCB3A}
		{31DBE6A2-8A55-4140-9605-DEBD63F57775} = {35282F2A-A61A-4CFF-8A91-6E83B13FCB3A}
		{B3E067FA-C4B5-4C77-AB5A-F6BC41946CAC} = {0B2DD358-25D4-4597-AC74-3FC56B2A7967}
		{B885AB39-2DBB-4279-86F6-CFA088F41551} = {0BB0AF37-C41C-4635-BA51-AABE00DCAEA1}
		{BA46BA34-1167-4E95-8D9C-8A03A2840F63} = {D8833C05-4E1E-4223-A9BA-6B7DF96C64F7}
		{F0940EC8-F372-4B63-B8B5-23C750E3B00A} = {3A65A012-EE8C-4210-8C46-FC2674EB6BA3}
		{87CA9FD9-2A14-43E9-B90C-CA2ADF02E2FB} = {89C48672-C55A-4DF4-8577-114A982B687D}
		{16D80049-E62B-4605-A566-CCCCE9AB5144} = {89C48672-C55A-4DF4-8577-114A982B687D}
		{3113A25A-4E19-4A61-8384-21508672C385} = {B885AB39-2DBB-4279-86F6-CFA088F41551}
		{AA135E99-84F6-4FE6-B8C9-8E1139936738} = {B885AB39-2DBB-4279-86F6-CFA088F41551}
		{8B03EB8A-9465-4214-8063-A01B1788A0A6} = {B885AB39-2DBB-4279-86F6-CFA088F41551}
		{B5BC2EAA-4B9A-4BC7-A765-833BF0CA1399} = {FA314610-3A06-479E-9F4A-C43E9A6BA7CA}
		{85BC6CA7-740C-42B0-9ABA-DC8FD204EFD7} = {FA314610-3A06-479E-9F4A-C43E9A6BA7CA}
		{D8087400-60FF-4B7D-A954-13FF32D16464} = {FA314610-3A06-479E-9F4A-C43E9A6BA7CA}
		{8797A748-1862-428F-9DD0-39891CB4A52E} = {FA314610-3A06-479E-9F4A-C43E9A6BA7CA}
		{9F808520-5067-4FA4-99D8-6BC73BA070DB} = {DBF3176A-6C18-478E-8126-E26F20EBCB20}
	EndGlobalSection
	GlobalSection(ExtensibilityGlobals) = postSolution
		SolutionGuid = {FCB869FE-7D11-4A49-BCE4-B0CCD26FA7DA}
	EndGlobalSection
EndGlobal
