
Microsoft Visual Studio Solution File, Format Version 12.00
# Visual Studio Version 16
VisualStudioVersion = 16.0.29806.167
MinimumVisualStudioVersion = 10.0.40219.1
Project("{9A19103F-16F7-4668-BE54-9A1E7A4F7556}") = "Dotnetakkaserver", "Dotnetakkaserver\Dotnetakkaserver.csproj", "{0410B9E6-F6D0-4499-B15C-3CF3C9F00D96}"
EndProject
Project("{9A19103F-16F7-4668-BE54-9A1E7A4F7556}") = "ShardNode", "ShardNode\ShardNode.csproj", "{ABF39D87-1328-4B9C-B42A-BFA28C1FF01C}"
EndProject
Project("{9A19103F-16F7-4668-BE54-9A1E7A4F7556}") = "SeedNode", "SeedNode\SeedNode.csproj", "{E74B8B9F-430D-4DBD-BF0F-CEB5734762AD}"
EndProject
Project("{2150E333-8FDC-42A3-9474-1A3956D46DE8}") = "ClusterSingletonDemo", "ClusterSingletonDemo", "{DA980CD7-0D67-4771-AFC9-245A67623119}"
EndProject
Project("{9A19103F-16F7-4668-BE54-9A1E7A4F7556}") = "SingletonServerApp", "SingletonAkka\SingletonServerApp\SingletonServerApp.csproj", "{58EE05AA-47B7-452A-A90F-5DDC85F0758A}"
EndProject
Project("{9A19103F-16F7-4668-BE54-9A1E7A4F7556}") = "SingletonClientApp", "SingletonAkka\SingletonClientApp\SingletonClientApp.csproj", "{CB0E630F-3708-4BE8-BB71-9117D38A0C22}"
EndProject
Project("{9A19103F-16F7-4668-BE54-9A1E7A4F7556}") = "Common", "SingletonAkka\Shard\Common\Common.csproj", "{A72691A2-D7D5-4773-BD15-3884FE609290}"
EndProject
Project("{2150E333-8FDC-42A3-9474-1A3956D46DE8}") = "Deploy", "Deploy", "{428A1F79-89C1-4A9A-850E-CCB13C9DDE28}"
	ProjectSection(SolutionItems) = preProject
		docker-compose-ClusterRoute.yml = docker-compose-ClusterRoute.yml
		docker-compose-ClusterSingleton.yml = docker-compose-ClusterSingleton.yml
	EndProjectSection
EndProject
Project("{2150E333-8FDC-42A3-9474-1A3956D46DE8}") = "Lighthouse", "Lighthouse", "{DBF3176A-6C18-478E-8126-E26F20EBCB20}"
EndProject
Project("{2150E333-8FDC-42A3-9474-1A3956D46DE8}") = "Shard", "Shard", "{0B2DD358-25D4-4597-AC74-3FC56B2A7967}"
EndProject
Project("{2150E333-8FDC-42A3-9474-1A3956D46DE8}") = "ClusterRoute", "ClusterRoute", "{3A65A012-EE8C-4210-8C46-FC2674EB6BA3}"
EndProject
Project("{9A19103F-16F7-4668-BE54-9A1E7A4F7556}") = "Route-Node1", "ClusterRoute\Route-Node1\Route-Node1.csproj", "{809240CD-F076-418E-8E14-E7A7447DB44D}"
EndProject
Project("{9A19103F-16F7-4668-BE54-9A1E7A4F7556}") = "Route-Node2", "ClusterRoute\Route-Node2\Route-Node2.csproj", "{B4BFE124-C3FF-4570-BB41-9E019A4564AD}"
EndProject
Project("{2150E333-8FDC-42A3-9474-1A3956D46DE8}") = "Persistence", "Persistence", "{D83E51C1-4A9F-44C2-A4C5-1B4C4F8A86AA}"
EndProject
Project("{9A19103F-16F7-4668-BE54-9A1E7A4F7556}") = "AkkaPersistence", "Persistence\AkkaPersistence\AkkaPersistence.csproj", "{7956F400-8CD0-4B78-904C-938AFB6265CC}"
EndProject
Project("{2150E333-8FDC-42A3-9474-1A3956D46DE8}") = "ClusterSharding", "ClusterSharding", "{35282F2A-A61A-4CFF-8A91-6E83B13FCB3A}"
EndProject
Project("{9A19103F-16F7-4668-BE54-9A1E7A4F7556}") = "ClusterSharding-ClientNode", "ClusterSharding\ClusterSharding-ClientNode\ClusterSharding-ClientNode.csproj", "{1ABAC6D4-6166-441F-B827-3099BEC1CF1E}"
EndProject
Project("{9A19103F-16F7-4668-BE54-9A1E7A4F7556}") = "ClusterSharding-ServerNode", "ClusterSharding\ClusterSharding-ServerNode\ClusterSharding-ServerNode.csproj", "{31DBE6A2-8A55-4140-9605-DEBD63F57775}"
EndProject
Project("{2150E333-8FDC-42A3-9474-1A3956D46DE8}") = "AkkaTcp", "AkkaTcp", "{89C48672-C55A-4DF4-8577-114A982B687D}"
EndProject
Project("{FAE04EC0-301F-11D3-BF4B-00C04F79EFBC}") = "AkkaTcpServer", "AkkaTcpServer\AkkaTcpServer.csproj", "{80E0017E-C512-442B-AA9B-0D4DAD9CF46E}"
EndProject
Project("{FAE04EC0-301F-11D3-BF4B-00C04F79EFBC}") = "AkkaTcpClient", "AkkaTcpClient\AkkaTcpClient.csproj", "{5198DBE2-7E2D-49CB-AB64-322DCF43D152}"
EndProject
Project("{9A19103F-16F7-4668-BE54-9A1E7A4F7556}") = "Mongodb.MessageQueue", "SingletonAkka\Shard\Mongodb.MessageQueue\Mongodb.MessageQueue.csproj", "{B3E067FA-C4B5-4C77-AB5A-F6BC41946CAC}"
EndProject
Project("{2150E333-8FDC-42A3-9474-1A3956D46DE8}") = "AkkaStream", "AkkaStream", "{D8833C05-4E1E-4223-A9BA-6B7DF96C64F7}"
EndProject
Global
	GlobalSection(SolutionConfigurationPlatforms) = preSolution
		Debug|Any CPU = Debug|Any CPU
		Release|Any CPU = Release|Any CPU
	EndGlobalSection
	GlobalSection(ProjectConfigurationPlatforms) = postSolution
		{0410B9E6-F6D0-4499-B15C-3CF3C9F00D96}.Debug|Any CPU.ActiveCfg = Debug|Any CPU
		{0410B9E6-F6D0-4499-B15C-3CF3C9F00D96}.Debug|Any CPU.Build.0 = Debug|Any CPU
		{0410B9E6-F6D0-4499-B15C-3CF3C9F00D96}.Release|Any CPU.ActiveCfg = Release|Any CPU
		{0410B9E6-F6D0-4499-B15C-3CF3C9F00D96}.Release|Any CPU.Build.0 = Release|Any CPU
		{ABF39D87-1328-4B9C-B42A-BFA28C1FF01C}.Debug|Any CPU.ActiveCfg = Debug|Any CPU
		{ABF39D87-1328-4B9C-B42A-BFA28C1FF01C}.Debug|Any CPU.Build.0 = Debug|Any CPU
		{ABF39D87-1328-4B9C-B42A-BFA28C1FF01C}.Release|Any CPU.ActiveCfg = Release|Any CPU
		{ABF39D87-1328-4B9C-B42A-BFA28C1FF01C}.Release|Any CPU.Build.0 = Release|Any CPU
		{E74B8B9F-430D-4DBD-BF0F-CEB5734762AD}.Debug|Any CPU.ActiveCfg = Debug|Any CPU
		{E74B8B9F-430D-4DBD-BF0F-CEB5734762AD}.Debug|Any CPU.Build.0 = Debug|Any CPU
		{E74B8B9F-430D-4DBD-BF0F-CEB5734762AD}.Release|Any CPU.ActiveCfg = Release|Any CPU
		{E74B8B9F-430D-4DBD-BF0F-CEB5734762AD}.Release|Any CPU.Build.0 = Release|Any CPU
		{58EE05AA-47B7-452A-A90F-5DDC85F0758A}.Debug|Any CPU.ActiveCfg = Debug|Any CPU
		{58EE05AA-47B7-452A-A90F-5DDC85F0758A}.Debug|Any CPU.Build.0 = Debug|Any CPU
		{58EE05AA-47B7-452A-A90F-5DDC85F0758A}.Release|Any CPU.ActiveCfg = Release|Any CPU
		{58EE05AA-47B7-452A-A90F-5DDC85F0758A}.Release|Any CPU.Build.0 = Release|Any CPU
		{CB0E630F-3708-4BE8-BB71-9117D38A0C22}.Debug|Any CPU.ActiveCfg = Debug|Any CPU
		{CB0E630F-3708-4BE8-BB71-9117D38A0C22}.Debug|Any CPU.Build.0 = Debug|Any CPU
		{CB0E630F-3708-4BE8-BB71-9117D38A0C22}.Release|Any CPU.ActiveCfg = Release|Any CPU
		{CB0E630F-3708-4BE8-BB71-9117D38A0C22}.Release|Any CPU.Build.0 = Release|Any CPU
		{A72691A2-D7D5-4773-BD15-3884FE609290}.Debug|Any CPU.ActiveCfg = Debug|Any CPU
		{A72691A2-D7D5-4773-BD15-3884FE609290}.Debug|Any CPU.Build.0 = Debug|Any CPU
		{A72691A2-D7D5-4773-BD15-3884FE609290}.Release|Any CPU.ActiveCfg = Release|Any CPU
		{A72691A2-D7D5-4773-BD15-3884FE609290}.Release|Any CPU.Build.0 = Release|Any CPU
		{809240CD-F076-418E-8E14-E7A7447DB44D}.Debug|Any CPU.ActiveCfg = Debug|Any CPU
		{809240CD-F076-418E-8E14-E7A7447DB44D}.Debug|Any CPU.Build.0 = Debug|Any CPU
		{809240CD-F076-418E-8E14-E7A7447DB44D}.Release|Any CPU.ActiveCfg = Release|Any CPU
		{809240CD-F076-418E-8E14-E7A7447DB44D}.Release|Any CPU.Build.0 = Release|Any CPU
		{B4BFE124-C3FF-4570-BB41-9E019A4564AD}.Debug|Any CPU.ActiveCfg = Debug|Any CPU
		{B4BFE124-C3FF-4570-BB41-9E019A4564AD}.Debug|Any CPU.Build.0 = Debug|Any CPU
		{B4BFE124-C3FF-4570-BB41-9E019A4564AD}.Release|Any CPU.ActiveCfg = Release|Any CPU
		{B4BFE124-C3FF-4570-BB41-9E019A4564AD}.Release|Any CPU.Build.0 = Release|Any CPU
		{7956F400-8CD0-4B78-904C-938AFB6265CC}.Debug|Any CPU.ActiveCfg = Debug|Any CPU
		{7956F400-8CD0-4B78-904C-938AFB6265CC}.Debug|Any CPU.Build.0 = Debug|Any CPU
		{7956F400-8CD0-4B78-904C-938AFB6265CC}.Release|Any CPU.ActiveCfg = Release|Any CPU
		{7956F400-8CD0-4B78-904C-938AFB6265CC}.Release|Any CPU.Build.0 = Release|Any CPU
		{1ABAC6D4-6166-441F-B827-3099BEC1CF1E}.Debug|Any CPU.ActiveCfg = Debug|Any CPU
		{1ABAC6D4-6166-441F-B827-3099BEC1CF1E}.Debug|Any CPU.Build.0 = Debug|Any CPU
		{1ABAC6D4-6166-441F-B827-3099BEC1CF1E}.Release|Any CPU.ActiveCfg = Release|Any CPU
		{1ABAC6D4-6166-441F-B827-3099BEC1CF1E}.Release|Any CPU.Build.0 = Release|Any CPU
		{31DBE6A2-8A55-4140-9605-DEBD63F57775}.Debug|Any CPU.ActiveCfg = Debug|Any CPU
		{31DBE6A2-8A55-4140-9605-DEBD63F57775}.Debug|Any CPU.Build.0 = Debug|Any CPU
		{31DBE6A2-8A55-4140-9605-DEBD63F57775}.Release|Any CPU.ActiveCfg = Release|Any CPU
		{31DBE6A2-8A55-4140-9605-DEBD63F57775}.Release|Any CPU.Build.0 = Release|Any CPU
		{80E0017E-C512-442B-AA9B-0D4DAD9CF46E}.Debug|Any CPU.ActiveCfg = Debug|Any CPU
		{80E0017E-C512-442B-AA9B-0D4DAD9CF46E}.Debug|Any CPU.Build.0 = Debug|Any CPU
		{80E0017E-C512-442B-AA9B-0D4DAD9CF46E}.Release|Any CPU.ActiveCfg = Release|Any CPU
		{80E0017E-C512-442B-AA9B-0D4DAD9CF46E}.Release|Any CPU.Build.0 = Release|Any CPU
		{5198DBE2-7E2D-49CB-AB64-322DCF43D152}.Debug|Any CPU.ActiveCfg = Debug|Any CPU
		{5198DBE2-7E2D-49CB-AB64-322DCF43D152}.Debug|Any CPU.Build.0 = Debug|Any CPU
		{5198DBE2-7E2D-49CB-AB64-322DCF43D152}.Release|Any CPU.ActiveCfg = Release|Any CPU
		{5198DBE2-7E2D-49CB-AB64-322DCF43D152}.Release|Any CPU.Build.0 = Release|Any CPU
		{B3E067FA-C4B5-4C77-AB5A-F6BC41946CAC}.Debug|Any CPU.ActiveCfg = Debug|Any CPU
		{B3E067FA-C4B5-4C77-AB5A-F6BC41946CAC}.Debug|Any CPU.Build.0 = Debug|Any CPU
		{B3E067FA-C4B5-4C77-AB5A-F6BC41946CAC}.Release|Any CPU.ActiveCfg = Release|Any CPU
		{B3E067FA-C4B5-4C77-AB5A-F6BC41946CAC}.Release|Any CPU.Build.0 = Release|Any CPU
	EndGlobalSection
	GlobalSection(SolutionProperties) = preSolution
		HideSolutionNode = FALSE
	EndGlobalSection
	GlobalSection(NestedProjects) = preSolution
		{0410B9E6-F6D0-4499-B15C-3CF3C9F00D96} = {3A65A012-EE8C-4210-8C46-FC2674EB6BA3}
		{ABF39D87-1328-4B9C-B42A-BFA28C1FF01C} = {0B2DD358-25D4-4597-AC74-3FC56B2A7967}
		{E74B8B9F-430D-4DBD-BF0F-CEB5734762AD} = {DBF3176A-6C18-478E-8126-E26F20EBCB20}
		{58EE05AA-47B7-452A-A90F-5DDC85F0758A} = {DA980CD7-0D67-4771-AFC9-245A67623119}
		{CB0E630F-3708-4BE8-BB71-9117D38A0C22} = {DA980CD7-0D67-4771-AFC9-245A67623119}
		{A72691A2-D7D5-4773-BD15-3884FE609290} = {0B2DD358-25D4-4597-AC74-3FC56B2A7967}
		{809240CD-F076-418E-8E14-E7A7447DB44D} = {3A65A012-EE8C-4210-8C46-FC2674EB6BA3}
		{B4BFE124-C3FF-4570-BB41-9E019A4564AD} = {3A65A012-EE8C-4210-8C46-FC2674EB6BA3}
		{7956F400-8CD0-4B78-904C-938AFB6265CC} = {D83E51C1-4A9F-44C2-A4C5-1B4C4F8A86AA}
		{1ABAC6D4-6166-441F-B827-3099BEC1CF1E} = {35282F2A-A61A-4CFF-8A91-6E83B13FCB3A}
		{31DBE6A2-8A55-4140-9605-DEBD63F57775} = {35282F2A-A61A-4CFF-8A91-6E83B13FCB3A}
		{80E0017E-C512-442B-AA9B-0D4DAD9CF46E} = {89C48672-C55A-4DF4-8577-114A982B687D}
		{5198DBE2-7E2D-49CB-AB64-322DCF43D152} = {89C48672-C55A-4DF4-8577-114A982B687D}
		{B3E067FA-C4B5-4C77-AB5A-F6BC41946CAC} = {0B2DD358-25D4-4597-AC74-3FC56B2A7967}
	EndGlobalSection
	GlobalSection(ExtensibilityGlobals) = postSolution
		SolutionGuid = {FCB869FE-7D11-4A49-BCE4-B0CCD26FA7DA}
	EndGlobalSection
EndGlobal
